// !$*UTF8*$!
{
	archiveVersion = 1;
	classes = {
	};
	objectVersion = 50;
	objects = {

/* Begin PBXBuildFile section */
		DE12A32025EFC59E00AC28B2 /* AppDelegate.swift in Sources */ = {isa = PBXBuildFile; fileRef = DE12A31F25EFC59E00AC28B2 /* AppDelegate.swift */; };
		DE12A32225EFC59E00AC28B2 /* SceneDelegate.swift in Sources */ = {isa = PBXBuildFile; fileRef = DE12A32125EFC59E00AC28B2 /* SceneDelegate.swift */; };
		DE12A32425EFC59E00AC28B2 /* StartScreenViewController.swift in Sources */ = {isa = PBXBuildFile; fileRef = DE12A32325EFC59E00AC28B2 /* StartScreenViewController.swift */; };
		DE12A32725EFC59E00AC28B2 /* Main.storyboard in Resources */ = {isa = PBXBuildFile; fileRef = DE12A32525EFC59E00AC28B2 /* Main.storyboard */; };
		DE12A32925EFC5A100AC28B2 /* Assets.xcassets in Resources */ = {isa = PBXBuildFile; fileRef = DE12A32825EFC5A100AC28B2 /* Assets.xcassets */; };
		DE12A32C25EFC5A100AC28B2 /* LaunchScreen.storyboard in Resources */ = {isa = PBXBuildFile; fileRef = DE12A32A25EFC5A100AC28B2 /* LaunchScreen.storyboard */; };
		DE12A33925EFCDD800AC28B2 /* GameViewController.swift in Sources */ = {isa = PBXBuildFile; fileRef = DE12A33825EFCDD800AC28B2 /* GameViewController.swift */; };
		DE24D23C25F3942400629B0D /* GameNodes.swift in Sources */ = {isa = PBXBuildFile; fileRef = DE24D23B25F3942400629B0D /* GameNodes.swift */; };
		DE25DAD725F76357007D385D /* ColorChangeView.xib in Resources */ = {isa = PBXBuildFile; fileRef = DE25DAD625F76357007D385D /* ColorChangeView.xib */; };
		DE9BB1F225F766980085CC23 /* ColorChangeView.swift in Sources */ = {isa = PBXBuildFile; fileRef = DE9BB1F125F766980085CC23 /* ColorChangeView.swift */; };
		DEE6241425F7C82100444EBA /* RulerViewController.swift in Sources */ = {isa = PBXBuildFile; fileRef = DEE6241325F7C82100444EBA /* RulerViewController.swift */; };
/* End PBXBuildFile section */

/* Begin PBXFileReference section */
		DE12A31C25EFC59E00AC28B2 /* #14.app */ = {isa = PBXFileReference; explicitFileType = wrapper.application; includeInIndex = 0; path = "#14.app"; sourceTree = BUILT_PRODUCTS_DIR; };
		DE12A31F25EFC59E00AC28B2 /* AppDelegate.swift */ = {isa = PBXFileReference; lastKnownFileType = sourcecode.swift; path = AppDelegate.swift; sourceTree = "<group>"; };
		DE12A32125EFC59E00AC28B2 /* SceneDelegate.swift */ = {isa = PBXFileReference; lastKnownFileType = sourcecode.swift; path = SceneDelegate.swift; sourceTree = "<group>"; };
		DE12A32325EFC59E00AC28B2 /* StartScreenViewController.swift */ = {isa = PBXFileReference; lastKnownFileType = sourcecode.swift; path = StartScreenViewController.swift; sourceTree = "<group>"; };
		DE12A32625EFC59E00AC28B2 /* Base */ = {isa = PBXFileReference; lastKnownFileType = file.storyboard; name = Base; path = Base.lproj/Main.storyboard; sourceTree = "<group>"; };
		DE12A32825EFC5A100AC28B2 /* Assets.xcassets */ = {isa = PBXFileReference; lastKnownFileType = folder.assetcatalog; path = Assets.xcassets; sourceTree = "<group>"; };
		DE12A32B25EFC5A100AC28B2 /* Base */ = {isa = PBXFileReference; lastKnownFileType = file.storyboard; name = Base; path = Base.lproj/LaunchScreen.storyboard; sourceTree = "<group>"; };
		DE12A32D25EFC5A100AC28B2 /* Info.plist */ = {isa = PBXFileReference; lastKnownFileType = text.plist.xml; path = Info.plist; sourceTree = "<group>"; };
		DE12A33825EFCDD800AC28B2 /* GameViewController.swift */ = {isa = PBXFileReference; lastKnownFileType = sourcecode.swift; path = GameViewController.swift; sourceTree = "<group>"; };
		DE24D23B25F3942400629B0D /* GameNodes.swift */ = {isa = PBXFileReference; lastKnownFileType = sourcecode.swift; path = GameNodes.swift; sourceTree = "<group>"; };
		DE25DAD625F76357007D385D /* ColorChangeView.xib */ = {isa = PBXFileReference; lastKnownFileType = file.xib; path = ColorChangeView.xib; sourceTree = "<group>"; };
		DE9BB1F125F766980085CC23 /* ColorChangeView.swift */ = {isa = PBXFileReference; lastKnownFileType = sourcecode.swift; path = ColorChangeView.swift; sourceTree = "<group>"; };
		DEE6241325F7C82100444EBA /* RulerViewController.swift */ = {isa = PBXFileReference; lastKnownFileType = sourcecode.swift; path = RulerViewController.swift; sourceTree = "<group>"; };
/* End PBXFileReference section */

/* Begin PBXFrameworksBuildPhase section */
		DE12A31925EFC59E00AC28B2 /* Frameworks */ = {
			isa = PBXFrameworksBuildPhase;
			buildActionMask = 2147483647;
			files = (
			);
			runOnlyForDeploymentPostprocessing = 0;
		};
/* End PBXFrameworksBuildPhase section */

/* Begin PBXGroup section */
		DE12A31325EFC59E00AC28B2 = {
			isa = PBXGroup;
			children = (
				DE12A31E25EFC59E00AC28B2 /* #14 */,
				DE12A31D25EFC59E00AC28B2 /* Products */,
			);
			sourceTree = "<group>";
		};
		DE12A31D25EFC59E00AC28B2 /* Products */ = {
			isa = PBXGroup;
			children = (
				DE12A31C25EFC59E00AC28B2 /* #14.app */,
			);
			name = Products;
			sourceTree = "<group>";
		};
		DE12A31E25EFC59E00AC28B2 /* #14 */ = {
			isa = PBXGroup;
			children = (
				DE12A31F25EFC59E00AC28B2 /* AppDelegate.swift */,
				DE12A32125EFC59E00AC28B2 /* SceneDelegate.swift */,
				DE12A32325EFC59E00AC28B2 /* StartScreenViewController.swift */,
				DE12A33825EFCDD800AC28B2 /* GameViewController.swift */,
				DEE6241325F7C82100444EBA /* RulerViewController.swift */,
				DE24D23B25F3942400629B0D /* GameNodes.swift */,
				DE12A32525EFC59E00AC28B2 /* Main.storyboard */,
				DE25DAD625F76357007D385D /* ColorChangeView.xib */,
				DE9BB1F125F766980085CC23 /* ColorChangeView.swift */,
				DE12A32825EFC5A100AC28B2 /* Assets.xcassets */,
				DE12A32A25EFC5A100AC28B2 /* LaunchScreen.storyboard */,
				DE12A32D25EFC5A100AC28B2 /* Info.plist */,
			);
			path = "#14";
			sourceTree = "<group>";
		};
/* End PBXGroup section */

/* Begin PBXNativeTarget section */
		DE12A31B25EFC59E00AC28B2 /* #14 */ = {
			isa = PBXNativeTarget;
			buildConfigurationList = DE12A33025EFC5A100AC28B2 /* Build configuration list for PBXNativeTarget "#14" */;
			buildPhases = (
				DE12A31825EFC59E00AC28B2 /* Sources */,
				DE12A31925EFC59E00AC28B2 /* Frameworks */,
				DE12A31A25EFC59E00AC28B2 /* Resources */,
			);
			buildRules = (
			);
			dependencies = (
			);
			name = "#14";
			productName = "#14";
			productReference = DE12A31C25EFC59E00AC28B2 /* #14.app */;
			productType = "com.apple.product-type.application";
		};
/* End PBXNativeTarget section */

/* Begin PBXProject section */
		DE12A31425EFC59E00AC28B2 /* Project object */ = {
			isa = PBXProject;
			attributes = {
				LastSwiftUpdateCheck = 1240;
				LastUpgradeCheck = 1240;
				TargetAttributes = {
					DE12A31B25EFC59E00AC28B2 = {
						CreatedOnToolsVersion = 12.4;
					};
				};
			};
			buildConfigurationList = DE12A31725EFC59E00AC28B2 /* Build configuration list for PBXProject "#14" */;
			compatibilityVersion = "Xcode 9.3";
			developmentRegion = en;
			hasScannedForEncodings = 0;
			knownRegions = (
				en,
				Base,
			);
			mainGroup = DE12A31325EFC59E00AC28B2;
			productRefGroup = DE12A31D25EFC59E00AC28B2 /* Products */;
			projectDirPath = "";
			projectRoot = "";
			targets = (
				DE12A31B25EFC59E00AC28B2 /* #14 */,
			);
		};
/* End PBXProject section */

/* Begin PBXResourcesBuildPhase section */
		DE12A31A25EFC59E00AC28B2 /* Resources */ = {
			isa = PBXResourcesBuildPhase;
			buildActionMask = 2147483647;
			files = (
				DE12A32C25EFC5A100AC28B2 /* LaunchScreen.storyboard in Resources */,
				DE12A32925EFC5A100AC28B2 /* Assets.xcassets in Resources */,
				DE12A32725EFC59E00AC28B2 /* Main.storyboard in Resources */,
				DE25DAD725F76357007D385D /* ColorChangeView.xib in Resources */,
			);
			runOnlyForDeploymentPostprocessing = 0;
		};
/* End PBXResourcesBuildPhase section */

/* Begin PBXSourcesBuildPhase section */
		DE12A31825EFC59E00AC28B2 /* Sources */ = {
			isa = PBXSourcesBuildPhase;
			buildActionMask = 2147483647;
			files = (
				DE9BB1F225F766980085CC23 /* ColorChangeView.swift in Sources */,
				DE12A33925EFCDD800AC28B2 /* GameViewController.swift in Sources */,
				DE12A32425EFC59E00AC28B2 /* StartScreenViewController.swift in Sources */,
				DE12A32025EFC59E00AC28B2 /* AppDelegate.swift in Sources */,
				DE12A32225EFC59E00AC28B2 /* SceneDelegate.swift in Sources */,
				DEE6241425F7C82100444EBA /* RulerViewController.swift in Sources */,
				DE24D23C25F3942400629B0D /* GameNodes.swift in Sources */,
			);
			runOnlyForDeploymentPostprocessing = 0;
		};
/* End PBXSourcesBuildPhase section */

/* Begin PBXVariantGroup section */
		DE12A32525EFC59E00AC28B2 /* Main.storyboard */ = {
			isa = PBXVariantGroup;
			children = (
				DE12A32625EFC59E00AC28B2 /* Base */,
			);
			name = Main.storyboard;
			sourceTree = "<group>";
		};
		DE12A32A25EFC5A100AC28B2 /* LaunchScreen.storyboard */ = {
			isa = PBXVariantGroup;
			children = (
				DE12A32B25EFC5A100AC28B2 /* Base */,
			);
			name = LaunchScreen.storyboard;
			sourceTree = "<group>";
		};
/* End PBXVariantGroup section */

/* Begin XCBuildConfiguration section */
		DE12A32E25EFC5A100AC28B2 /* Debug */ = {
			isa = XCBuildConfiguration;
			buildSettings = {
				ALWAYS_SEARCH_USER_PATHS = NO;
				CLANG_ANALYZER_NONNULL = YES;
				CLANG_ANALYZER_NUMBER_OBJECT_CONVERSION = YES_AGGRESSIVE;
				CLANG_CXX_LANGUAGE_STANDARD = "gnu++14";
				CLANG_CXX_LIBRARY = "libc++";
				CLANG_ENABLE_MODULES = YES;
				CLANG_ENABLE_OBJC_ARC = YES;
				CLANG_ENABLE_OBJC_WEAK = YES;
				CLANG_WARN_BLOCK_CAPTURE_AUTORELEASING = YES;
				CLANG_WARN_BOOL_CONVERSION = YES;
				CLANG_WARN_COMMA = YES;
				CLANG_WARN_CONSTANT_CONVERSION = YES;
				CLANG_WARN_DEPRECATED_OBJC_IMPLEMENTATIONS = YES;
				CLANG_WARN_DIRECT_OBJC_ISA_USAGE = YES_ERROR;
				CLANG_WARN_DOCUMENTATION_COMMENTS = YES;
				CLANG_WARN_EMPTY_BODY = YES;
				CLANG_WARN_ENUM_CONVERSION = YES;
				CLANG_WARN_INFINITE_RECURSION = YES;
				CLANG_WARN_INT_CONVERSION = YES;
				CLANG_WARN_NON_LITERAL_NULL_CONVERSION = YES;
				CLANG_WARN_OBJC_IMPLICIT_RETAIN_SELF = YES;
				CLANG_WARN_OBJC_LITERAL_CONVERSION = YES;
				CLANG_WARN_OBJC_ROOT_CLASS = YES_ERROR;
				CLANG_WARN_QUOTED_INCLUDE_IN_FRAMEWORK_HEADER = YES;
				CLANG_WARN_RANGE_LOOP_ANALYSIS = YES;
				CLANG_WARN_STRICT_PROTOTYPES = YES;
				CLANG_WARN_SUSPICIOUS_MOVE = YES;
				CLANG_WARN_UNGUARDED_AVAILABILITY = YES_AGGRESSIVE;
				CLANG_WARN_UNREACHABLE_CODE = YES;
				CLANG_WARN__DUPLICATE_METHOD_MATCH = YES;
				COPY_PHASE_STRIP = NO;
				DEBUG_INFORMATION_FORMAT = dwarf;
				ENABLE_STRICT_OBJC_MSGSEND = YES;
				ENABLE_TESTABILITY = YES;
				GCC_C_LANGUAGE_STANDARD = gnu11;
				GCC_DYNAMIC_NO_PIC = NO;
				GCC_NO_COMMON_BLOCKS = YES;
				GCC_OPTIMIZATION_LEVEL = 0;
				GCC_PREPROCESSOR_DEFINITIONS = (
					"DEBUG=1",
					"$(inherited)",
				);
				GCC_WARN_64_TO_32_BIT_CONVERSION = YES;
				GCC_WARN_ABOUT_RETURN_TYPE = YES_ERROR;
				GCC_WARN_UNDECLARED_SELECTOR = YES;
				GCC_WARN_UNINITIALIZED_AUTOS = YES_AGGRESSIVE;
				GCC_WARN_UNUSED_FUNCTION = YES;
				GCC_WARN_UNUSED_VARIABLE = YES;
				IPHONEOS_DEPLOYMENT_TARGET = 14.4;
				MTL_ENABLE_DEBUG_INFO = INCLUDE_SOURCE;
				MTL_FAST_MATH = YES;
				ONLY_ACTIVE_ARCH = YES;
				SDKROOT = iphoneos;
				SWIFT_ACTIVE_COMPILATION_CONDITIONS = DEBUG;
				SWIFT_OPTIMIZATION_LEVEL = "-Onone";
			};
			name = Debug;
		};
		DE12A32F25EFC5A100AC28B2 /* Release */ = {
			isa = XCBuildConfiguration;
			buildSettings = {
				ALWAYS_SEARCH_USER_PATHS = NO;
				CLANG_ANALYZER_NONNULL = YES;
				CLANG_ANALYZER_NUMBER_OBJECT_CONVERSION = YES_AGGRESSIVE;
				CLANG_CXX_LANGUAGE_STANDARD = "gnu++14";
				CLANG_CXX_LIBRARY = "libc++";
				CLANG_ENABLE_MODULES = YES;
				CLANG_ENABLE_OBJC_ARC = YES;
				CLANG_ENABLE_OBJC_WEAK = YES;
				CLANG_WARN_BLOCK_CAPTURE_AUTORELEASING = YES;
				CLANG_WARN_BOOL_CONVERSION = YES;
				CLANG_WARN_COMMA = YES;
				CLANG_WARN_CONSTANT_CONVERSION = YES;
				CLANG_WARN_DEPRECATED_OBJC_IMPLEMENTATIONS = YES;
				CLANG_WARN_DIRECT_OBJC_ISA_USAGE = YES_ERROR;
				CLANG_WARN_DOCUMENTATION_COMMENTS = YES;
				CLANG_WARN_EMPTY_BODY = YES;
				CLANG_WARN_ENUM_CONVERSION = YES;
				CLANG_WARN_INFINITE_RECURSION = YES;
				CLANG_WARN_INT_CONVERSION = YES;
				CLANG_WARN_NON_LITERAL_NULL_CONVERSION = YES;
				CLANG_WARN_OBJC_IMPLICIT_RETAIN_SELF = YES;
				CLANG_WARN_OBJC_LITERAL_CONVERSION = YES;
				CLANG_WARN_OBJC_ROOT_CLASS = YES_ERROR;
				CLANG_WARN_QUOTED_INCLUDE_IN_FRAMEWORK_HEADER = YES;
				CLANG_WARN_RANGE_LOOP_ANALYSIS = YES;
				CLANG_WARN_STRICT_PROTOTYPES = YES;
				CLANG_WARN_SUSPICIOUS_MOVE = YES;
				CLANG_WARN_UNGUARDED_AVAILABILITY = YES_AGGRESSIVE;
				CLANG_WARN_UNREACHABLE_CODE = YES;
				CLANG_WARN__DUPLICATE_METHOD_MATCH = YES;
				COPY_PHASE_STRIP = NO;
				DEBUG_INFORMATION_FORMAT = "dwarf-with-dsym";
				ENABLE_NS_ASSERTIONS = NO;
				ENABLE_STRICT_OBJC_MSGSEND = YES;
				GCC_C_LANGUAGE_STANDARD = gnu11;
				GCC_NO_COMMON_BLOCKS = YES;
				GCC_WARN_64_TO_32_BIT_CONVERSION = YES;
				GCC_WARN_ABOUT_RETURN_TYPE = YES_ERROR;
				GCC_WARN_UNDECLARED_SELECTOR = YES;
				GCC_WARN_UNINITIALIZED_AUTOS = YES_AGGRESSIVE;
				GCC_WARN_UNUSED_FUNCTION = YES;
				GCC_WARN_UNUSED_VARIABLE = YES;
				IPHONEOS_DEPLOYMENT_TARGET = 14.4;
				MTL_ENABLE_DEBUG_INFO = NO;
				MTL_FAST_MATH = YES;
				SDKROOT = iphoneos;
				SWIFT_COMPILATION_MODE = wholemodule;
				SWIFT_OPTIMIZATION_LEVEL = "-O";
				VALIDATE_PRODUCT = YES;
			};
			name = Release;
		};
		DE12A33125EFC5A100AC28B2 /* Debug */ = {
			isa = XCBuildConfiguration;
			buildSettings = {
				ASSETCATALOG_COMPILER_APPICON_NAME = AppIcon;
				ASSETCATALOG_COMPILER_GLOBAL_ACCENT_COLOR_NAME = AccentColor;
				CODE_SIGN_STYLE = Automatic;
				DEVELOPMENT_TEAM = 6UN4892VFR;
				INFOPLIST_FILE = "#14/Info.plist";
				LD_RUNPATH_SEARCH_PATHS = (
					"$(inherited)",
					"@executable_path/Frameworks",
				);
				PRODUCT_BUNDLE_IDENTIFIER = "com.egm.-14";
				PRODUCT_NAME = "$(TARGET_NAME)";
				SWIFT_VERSION = 5.0;
				TARGETED_DEVICE_FAMILY = "1,2";
			};
			name = Debug;
		};
		DE12A33225EFC5A100AC28B2 /* Release */ = {
			isa = XCBuildConfiguration;
			buildSettings = {
				ASSETCATALOG_COMPILER_APPICON_NAME = AppIcon;
				ASSETCATALOG_COMPILER_GLOBAL_ACCENT_COLOR_NAME = AccentColor;
				CODE_SIGN_STYLE = Automatic;
				DEVELOPMENT_TEAM = 6UN4892VFR;
				INFOPLIST_FILE = "#14/Info.plist";
				LD_RUNPATH_SEARCH_PATHS = (
					"$(inherited)",
					"@executable_path/Frameworks",
				);
				PRODUCT_BUNDLE_IDENTIFIER = "com.egm.-14";
				PRODUCT_NAME = "$(TARGET_NAME)";
				SWIFT_VERSION = 5.0;
				TARGETED_DEVICE_FAMILY = "1,2";
			};
			name = Release;
		};
/* End XCBuildConfiguration section */

/* Begin XCConfigurationList section */
		DE12A31725EFC59E00AC28B2 /* Build configuration list for PBXProject "#14" */ = {
			isa = XCConfigurationList;
			buildConfigurations = (
				DE12A32E25EFC5A100AC28B2 /* Debug */,
				DE12A32F25EFC5A100AC28B2 /* Release */,
			);
			defaultConfigurationIsVisible = 0;
			defaultConfigurationName = Release;
		};
		DE12A33025EFC5A100AC28B2 /* Build configuration list for PBXNativeTarget "#14" */ = {
			isa = XCConfigurationList;
			buildConfigurations = (
				DE12A33125EFC5A100AC28B2 /* Debug */,
				DE12A33225EFC5A100AC28B2 /* Release */,
			);
			defaultConfigurationIsVisible = 0;
			defaultConfigurationName = Release;
		};
/* End XCConfigurationList section */
	};
	rootObject = DE12A31425EFC59E00AC28B2 /* Project object */;
}
